Microsoft Visual Studio Solution File, Format Version 12.00
# Visual Studio Version 17
VisualStudioVersion = 17.1.32328.378
MinimumVisualStudioVersion = 10.0.40219.1
Project("{FAE04EC0-301F-11D3-BF4B-00C04F79EFBC}") = "HeadHunter.Core", "HeadHunter.Core\HeadHunter.Core.csproj", "{029933F8-0F78-42AC-B8AA-59017D75AB22}"
EndProject
Project("{FAE04EC0-301F-11D3-BF4B-00C04F79EFBC}") = "HeadHunter.HttpClients.Core", "HeadHunter.HttpClients.Core\HeadHunter.HttpClients.Core.csproj", "{FD245C41-A5EA-43A6-8BF8-2A16EFCAFB0B}"
EndProject
Project("{FAE04EC0-301F-11D3-BF4B-00C04F79EFBC}") = "HeadHunter.EntityFramework.Core", "HeadHunter.EntityFramework.Core\HeadHunter.EntityFramework.Core.csproj", "{2299E00D-CBB1-4880-8C5D-ABFD905873FB}"
EndProject
Project("{FAE04EC0-301F-11D3-BF4B-00C04F79EFBC}") = "HeadHunter.HttpClients", "HeadHunter.HttpClients\HeadHunter.HttpClients.csproj", "{54406A7A-BD21-4289-9A87-09FA0FD11D5A}"
EndProject
Global
	GlobalSection(SolutionConfigurationPlatforms) = preSolution
		Debug|Any CPU = Debug|Any CPU
		Release|Any CPU = Release|Any CPU
	EndGlobalSection
	GlobalSection(ProjectConfigurationPlatforms) = postSolution
		{029933F8-0F78-42AC-B8AA-59017D75AB22}.Debug|Any CPU.ActiveCfg = Debug|Any CPU
		{029933F8-0F78-42AC-B8AA-59017D75AB22}.Debug|Any CPU.Build.0 = Debug|Any CPU
		{029933F8-0F78-42AC-B8AA-59017D75AB22}.Release|Any CPU.ActiveCfg = Release|Any CPU
		{029933F8-0F78-42AC-B8AA-59017D75AB22}.Release|Any CPU.Build.0 = Release|Any CPU
		{FD245C41-A5EA-43A6-8BF8-2A16EFCAFB0B}.Debug|Any CPU.ActiveCfg = Debug|Any CPU
		{FD245C41-A5EA-43A6-8BF8-2A16EFCAFB0B}.Debug|Any CPU.Build.0 = Debug|Any CPU
		{FD245C41-A5EA-43A6-8BF8-2A16EFCAFB0B}.Release|Any CPU.ActiveCfg = Release|Any CPU
		{FD245C41-A5EA-43A6-8BF8-2A16EFCAFB0B}.Release|Any CPU.Build.0 = Release|Any CPU
		{2299E00D-CBB1-4880-8C5D-ABFD905873FB}.Debug|Any CPU.ActiveCfg = Debug|Any CPU
		{2299E00D-CBB1-4880-8C5D-ABFD905873FB}.Debug|Any CPU.Build.0 = Debug|Any CPU
		{2299E00D-CBB1-4880-8C5D-ABFD905873FB}.Release|Any CPU.ActiveCfg = Release|Any CPU
		{2299E00D-CBB1-4880-8C5D-ABFD905873FB}.Release|Any CPU.Build.0 = Release|Any CPU
		{54406A7A-BD21-4289-9A87-09FA0FD11D5A}.Debug|Any CPU.ActiveCfg = Debug|Any CPU
		{54406A7A-BD21-4289-9A87-09FA0FD11D5A}.Debug|Any CPU.Build.0 = Debug|Any CPU
		{54406A7A-BD21-4289-9A87-09FA0FD11D5A}.Release|Any CPU.ActiveCfg = Release|Any CPU
		{54406A7A-BD21-4289-9A87-09FA0FD11D5A}.Release|Any CPU.Build.0 = Release|Any CPU
	EndGlobalSection
	GlobalSection(SolutionProperties) = preSolution
		HideSolutionNode = FALSE
	EndGlobalSection
	GlobalSection(ExtensibilityGlobals) = postSolution
		SolutionGuid = {CF83051E-529C-4736-B0D6-D01D892A7627}
	EndGlobalSection
EndGlobal
